// !$*UTF8*$!
{
	archiveVersion = 1;
	classes = {
	};
	objectVersion = 77;
	objects = {

/* Begin PBXBuildFile section */
		0177A96B352583C1448A3601 /* SampleDiagrams.swift in Sources */ = {isa = PBXBuildFile; fileRef = B4A9235C5800009912D8A4CF /* SampleDiagrams.swift */; };
		0438B8E4B65B17AF85C6E148 /* MermaidPlaygroundApp.swift in Sources */ = {isa = PBXBuildFile; fileRef = E62FC3C27B7C3D1B4AC1BEBA /* MermaidPlaygroundApp.swift */; };
		068C981DEA7DC587653A66EE /* ExportOptions.swift in Sources */ = {isa = PBXBuildFile; fileRef = 096491CDD543D42C20D91E7E /* ExportOptions.swift */; };
		092C6EE2BD8192DA7017DF74 /* MermaidViewRepresentable.swift in Sources */ = {isa = PBXBuildFile; fileRef = 48A2E34CE587126EACC5DA55 /* MermaidViewRepresentable.swift */; };
		0BB9E12B29552822C54A37C8 /* LiveHistoryStore.swift in Sources */ = {isa = PBXBuildFile; fileRef = D121E055309404756C30543B /* LiveHistoryStore.swift */; };
		0BED2B15AC12F46326CC5318 /* LiveEditorConfig.swift in Sources */ = {isa = PBXBuildFile; fileRef = 0D3C64C51B0FA7A004195034 /* LiveEditorConfig.swift */; };
		0C5E4DB437F1410044C7DE71 /* PreviewToolbar.swift in Sources */ = {isa = PBXBuildFile; fileRef = 76A2C379F7CAA8C7116C485E /* PreviewToolbar.swift */; };
		1222A89F5306C12CBBB10FFF /* VersionSecurityPanel.swift in Sources */ = {isa = PBXBuildFile; fileRef = E25AEBF3AE3E4051C8D05196 /* VersionSecurityPanel.swift */; };
		19EF9E543CD0DBC256055F50 /* EditorModePicker.swift in Sources */ = {isa = PBXBuildFile; fileRef = 08975B71E343495EC1D8BF37 /* EditorModePicker.swift */; };
		1CBE0E356E6D758D5F337F2F /* LiveEditorState.swift in Sources */ = {isa = PBXBuildFile; fileRef = 165262EF2705DDC03C447893 /* LiveEditorState.swift */; };
		235805AB6BA9CB37A2E605A2 /* HistoryView.swift in Sources */ = {isa = PBXBuildFile; fileRef = 141B4C5ACF67CE426D6040C2 /* HistoryView.swift */; };
		2588CF9336ACA3F0965A6D68 /* LoaderResult.swift in Sources */ = {isa = PBXBuildFile; fileRef = CA1F88ACED3766AC52878F37 /* LoaderResult.swift */; };
		2680D9343E4BFB5E16AF0357 /* EditorPane.swift in Sources */ = {isa = PBXBuildFile; fileRef = EF20E098814280D7EE73C274 /* EditorPane.swift */; };
		27C5F4A2BB2DA939409E06E9 /* LiveEditorToolbar.swift in Sources */ = {isa = PBXBuildFile; fileRef = 2651EC74396E0FACCA911AB4 /* LiveEditorToolbar.swift */; };
		2E13E235E058A9F10D0867C6 /* VersionSecurityPanel.swift in Sources */ = {isa = PBXBuildFile; fileRef = E25AEBF3AE3E4051C8D05196 /* VersionSecurityPanel.swift */; };
		3015394A4443300B11CFC0DB /* LiveEditorView.swift in Sources */ = {isa = PBXBuildFile; fileRef = 1C81C155B73FCB8100369381 /* LiveEditorView.swift */; };
		323745E1CF50CCB624AE60E5 /* ShareView.swift in Sources */ = {isa = PBXBuildFile; fileRef = 0972BBA84544A7A67B2AB8AD /* ShareView.swift */; };
		3497B6978C7F41692D073B72 /* SampleDiagramPanel.swift in Sources */ = {isa = PBXBuildFile; fileRef = 462E1AE0BF1B3DD4383819AA /* SampleDiagramPanel.swift */; };
		34C5AD21B0C04A9800FE9210 /* EditorPane.swift in Sources */ = {isa = PBXBuildFile; fileRef = EF20E098814280D7EE73C274 /* EditorPane.swift */; };
		429D02565AF884E5371144C7 /* PreviewCanvas.swift in Sources */ = {isa = PBXBuildFile; fileRef = 145E05EEC32CA4181A70AB38 /* PreviewCanvas.swift */; };
		462C8589797F0F7D37781D91 /* DiagramKit in Frameworks */ = {isa = PBXBuildFile; productRef = 15DF29D854A90CAFFC24252E /* DiagramKit */; };
		48C2EE8AEB9DB37F9240AAD6 /* PreviewCanvas.swift in Sources */ = {isa = PBXBuildFile; fileRef = 145E05EEC32CA4181A70AB38 /* PreviewCanvas.swift */; };
		4D93805FC5E586FB19B9C61B /* LoaderResult.swift in Sources */ = {isa = PBXBuildFile; fileRef = CA1F88ACED3766AC52878F37 /* LoaderResult.swift */; };
		563C22E407A780CDC1F364F2 /* EditorDiagnostic.swift in Sources */ = {isa = PBXBuildFile; fileRef = 4EF834B77C053FD046212083 /* EditorDiagnostic.swift */; };
		61B3DA01168E8DD57C55A36F /* ConfigSanitizer.swift in Sources */ = {isa = PBXBuildFile; fileRef = 81D5E6069687240FDF8CAC0D /* ConfigSanitizer.swift */; };
		624FDADFEC60581AD606E54F /* EditorDiagnostic.swift in Sources */ = {isa = PBXBuildFile; fileRef = 4EF834B77C053FD046212083 /* EditorDiagnostic.swift */; };
		62F10BEFF3FAC713B9A631B5 /* MermaidPlaygroundApp.swift in Sources */ = {isa = PBXBuildFile; fileRef = E62FC3C27B7C3D1B4AC1BEBA /* MermaidPlaygroundApp.swift */; };
		66EADBD310535244D5CC56FE /* HistoryView.swift in Sources */ = {isa = PBXBuildFile; fileRef = 141B4C5ACF67CE426D6040C2 /* HistoryView.swift */; };
		67493518B5FA33542402772B /* LineNumberRuler.swift in Sources */ = {isa = PBXBuildFile; fileRef = 6F2A0E1FEAE9B4CBC1ADDBA1 /* LineNumberRuler.swift */; };
		70A9CC629C1233E2DFA3B9F1 /* LiveEditorStateCodec.swift in Sources */ = {isa = PBXBuildFile; fileRef = C4ADD0DEB35A7AF539E60386 /* LiveEditorStateCodec.swift */; };
		76663FE6C6ADA75ADC0F52D3 /* MermaidViewRepresentable.swift in Sources */ = {isa = PBXBuildFile; fileRef = 48A2E34CE587126EACC5DA55 /* MermaidViewRepresentable.swift */; };
		76CA5C530D4F366CBA7C1315 /* LiveHistoryStore.swift in Sources */ = {isa = PBXBuildFile; fileRef = D121E055309404756C30543B /* LiveHistoryStore.swift */; };
		78A8594CC46A31C58BE629F3 /* IssueReporting in Frameworks */ = {isa = PBXBuildFile; productRef = 1992934B12DCAEAC7CBCE174 /* IssueReporting */; };
		7EFFFA6EBF161A53489F6B86 /* ConfigSanitizer.swift in Sources */ = {isa = PBXBuildFile; fileRef = 81D5E6069687240FDF8CAC0D /* ConfigSanitizer.swift */; };
		82E59D00023CA629386FEEA0 /* IssueReporting in Frameworks */ = {isa = PBXBuildFile; productRef = EBF15EBD000B78EFAD9D6203 /* IssueReporting */; };
		8B625594340F512247BF7AAE /* BMColor+IsLight.swift in Sources */ = {isa = PBXBuildFile; fileRef = F0E9710EDFB6F3AE15BC8690 /* BMColor+IsLight.swift */; };
		9578E973C49FEC5A19B1C683 /* MermaidSyntaxHighlighter.swift in Sources */ = {isa = PBXBuildFile; fileRef = 5127A87EBFA7E91F0DB24C6B /* MermaidSyntaxHighlighter.swift */; };
		97DEDC2680ECB1724860CAE8 /* RawFileLoader.swift in Sources */ = {isa = PBXBuildFile; fileRef = 10B91524FDDD5B1E83720FD2 /* RawFileLoader.swift */; };
		9CFBA32D378AF534C443C29F /* ShareView.swift in Sources */ = {isa = PBXBuildFile; fileRef = 0972BBA84544A7A67B2AB8AD /* ShareView.swift */; };
		9EE69142B2DD33ECFA4C3CC6 /* SidebarView.swift in Sources */ = {isa = PBXBuildFile; fileRef = 27D151F13ED26CE04A4FFD0D /* SidebarView.swift */; };
		9F61E30492D2B7A17C171BED /* MermaidSyntaxHighlighter.swift in Sources */ = {isa = PBXBuildFile; fileRef = 5127A87EBFA7E91F0DB24C6B /* MermaidSyntaxHighlighter.swift */; };
		ADD01FB443D6A9A904597B58 /* ActionsView.swift in Sources */ = {isa = PBXBuildFile; fileRef = 7427FADA162FC9801E652262 /* ActionsView.swift */; };
		B1274F4ACF6972A75BDF8C5D /* PreviewToolbar.swift in Sources */ = {isa = PBXBuildFile; fileRef = 76A2C379F7CAA8C7116C485E /* PreviewToolbar.swift */; };
		B2B458CF99E2DC1E05C86B41 /* LiveHistoryEntry.swift in Sources */ = {isa = PBXBuildFile; fileRef = 4A99B5D38CC8B4A6C2324F85 /* LiveHistoryEntry.swift */; };
		B3A500D0B98F6A1F88FA7C9C /* LiveEditorConfig.swift in Sources */ = {isa = PBXBuildFile; fileRef = 0D3C64C51B0FA7A004195034 /* LiveEditorConfig.swift */; };
		B591EFF621711B8071FDF6B5 /* ThemePicker.swift in Sources */ = {isa = PBXBuildFile; fileRef = 29DB81F66C8839ABBA99D356 /* ThemePicker.swift */; };
		B5AE4BF373A630B4712F7B40 /* LiveEditorState.swift in Sources */ = {isa = PBXBuildFile; fileRef = 165262EF2705DDC03C447893 /* LiveEditorState.swift */; };
		B63A2C7599B03968128FC969 /* LiveEditorToolbar.swift in Sources */ = {isa = PBXBuildFile; fileRef = 2651EC74396E0FACCA911AB4 /* LiveEditorToolbar.swift */; };
		B70D9F111FFA81DF459A1B8F /* LineNumberRuler.swift in Sources */ = {isa = PBXBuildFile; fileRef = 6F2A0E1FEAE9B4CBC1ADDBA1 /* LineNumberRuler.swift */; };
		BC0E854E3753D9067055B45C /* SampleDiagramPanel.swift in Sources */ = {isa = PBXBuildFile; fileRef = 462E1AE0BF1B3DD4383819AA /* SampleDiagramPanel.swift */; };
		BEBD136CF6140C11D445C144 /* ExportOptions.swift in Sources */ = {isa = PBXBuildFile; fileRef = 096491CDD543D42C20D91E7E /* ExportOptions.swift */; };
		BF131979D0CDF1A1CA5E7F01 /* SidebarView.swift in Sources */ = {isa = PBXBuildFile; fileRef = 27D151F13ED26CE04A4FFD0D /* SidebarView.swift */; };
		BF842A970E43597B17988722 /* LiveHistoryEntry.swift in Sources */ = {isa = PBXBuildFile; fileRef = 4A99B5D38CC8B4A6C2324F85 /* LiveHistoryEntry.swift */; };
		CC8D98B10FF78E3DD6DB18FF /* NativeCodeEditor.swift in Sources */ = {isa = PBXBuildFile; fileRef = FEFFE51C7703ED7BC85C6BFD /* NativeCodeEditor.swift */; };
		CFFF5AC794F4BFEA98D3AD71 /* LiveEditorStore.swift in Sources */ = {isa = PBXBuildFile; fileRef = C5896D986DA9334C65238B90 /* LiveEditorStore.swift */; };
		D83A7632BB899BF39BFD2383 /* ThemePicker.swift in Sources */ = {isa = PBXBuildFile; fileRef = 29DB81F66C8839ABBA99D356 /* ThemePicker.swift */; };
		D93AFE3489F81BF1199B5F66 /* GistLoader.swift in Sources */ = {isa = PBXBuildFile; fileRef = 96E05BF2CA1815C2315E11E4 /* GistLoader.swift */; };
		DAB5264B4678E2CB2D99AEC6 /* DiagramKit in Frameworks */ = {isa = PBXBuildFile; productRef = 0420619350770193B907578E /* DiagramKit */; };
		DB03670B15C2F5793EB63A44 /* EditorModePicker.swift in Sources */ = {isa = PBXBuildFile; fileRef = 08975B71E343495EC1D8BF37 /* EditorModePicker.swift */; };
		DCB52EBF5DB43927E026506C /* ActionsPanel.swift in Sources */ = {isa = PBXBuildFile; fileRef = C25BEF314A99BA66628DAAA6 /* ActionsPanel.swift */; };
		E304AAD5AEE7D5BFED22C389 /* LiveRenderStatus.swift in Sources */ = {isa = PBXBuildFile; fileRef = 48973068802341F986D8B192 /* LiveRenderStatus.swift */; };
		E325AA6ECA3E116BF55D3F42 /* GistLoader.swift in Sources */ = {isa = PBXBuildFile; fileRef = 96E05BF2CA1815C2315E11E4 /* GistLoader.swift */; };
		E331D3123100C7065EF12445 /* LiveEditorStore.swift in Sources */ = {isa = PBXBuildFile; fileRef = C5896D986DA9334C65238B90 /* LiveEditorStore.swift */; };
		E55A574B406FC52B50BFADC3 /* BMColor+IsLight.swift in Sources */ = {isa = PBXBuildFile; fileRef = F0E9710EDFB6F3AE15BC8690 /* BMColor+IsLight.swift */; };
		EB1A94B8862DDEA2824CB0C9 /* LiveEditorView.swift in Sources */ = {isa = PBXBuildFile; fileRef = 1C81C155B73FCB8100369381 /* LiveEditorView.swift */; };
		EBBA69D3F7FEC7E0F313B015 /* RawFileLoader.swift in Sources */ = {isa = PBXBuildFile; fileRef = 10B91524FDDD5B1E83720FD2 /* RawFileLoader.swift */; };
		EE57AA7ADC5D01F6FF2AAE6A /* SampleDiagrams.swift in Sources */ = {isa = PBXBuildFile; fileRef = B4A9235C5800009912D8A4CF /* SampleDiagrams.swift */; };
		F251F8E3A4DBF445AED46947 /* NativeCodeEditor.swift in Sources */ = {isa = PBXBuildFile; fileRef = FEFFE51C7703ED7BC85C6BFD /* NativeCodeEditor.swift */; };
		F74D6BAC0E4C2430992FF7EA /* LiveRenderStatus.swift in Sources */ = {isa = PBXBuildFile; fileRef = 48973068802341F986D8B192 /* LiveRenderStatus.swift */; };
		FB790B2D813B21C761DA8D38 /* ActionsView.swift in Sources */ = {isa = PBXBuildFile; fileRef = 7427FADA162FC9801E652262 /* ActionsView.swift */; };
		FBD37B09EF3A0A3E27AE7EC6 /* ActionsPanel.swift in Sources */ = {isa = PBXBuildFile; fileRef = C25BEF314A99BA66628DAAA6 /* ActionsPanel.swift */; };
		FDD876689CD760D4A6AC2D25 /* LiveEditorStateCodec.swift in Sources */ = {isa = PBXBuildFile; fileRef = C4ADD0DEB35A7AF539E60386 /* LiveEditorStateCodec.swift */; };
/* End PBXBuildFile section */

/* Begin PBXFileReference section */
		08975B71E343495EC1D8BF37 /* EditorModePicker.swift */ = {isa = PBXFileReference; lastKnownFileType = sourcecode.swift; path = EditorModePicker.swift; sourceTree = "<group>"; };
		096491CDD543D42C20D91E7E /* ExportOptions.swift */ = {isa = PBXFileReference; lastKnownFileType = sourcecode.swift; path = ExportOptions.swift; sourceTree = "<group>"; };
		0972BBA84544A7A67B2AB8AD /* ShareView.swift */ = {isa = PBXFileReference; lastKnownFileType = sourcecode.swift; path = ShareView.swift; sourceTree = "<group>"; };
		0D3C64C51B0FA7A004195034 /* LiveEditorConfig.swift */ = {isa = PBXFileReference; lastKnownFileType = sourcecode.swift; path = LiveEditorConfig.swift; sourceTree = "<group>"; };
		10B91524FDDD5B1E83720FD2 /* RawFileLoader.swift */ = {isa = PBXFileReference; lastKnownFileType = sourcecode.swift; path = RawFileLoader.swift; sourceTree = "<group>"; };
		141B4C5ACF67CE426D6040C2 /* HistoryView.swift */ = {isa = PBXFileReference; lastKnownFileType = sourcecode.swift; path = HistoryView.swift; sourceTree = "<group>"; };
		145E05EEC32CA4181A70AB38 /* PreviewCanvas.swift */ = {isa = PBXFileReference; lastKnownFileType = sourcecode.swift; path = PreviewCanvas.swift; sourceTree = "<group>"; };
		165262EF2705DDC03C447893 /* LiveEditorState.swift */ = {isa = PBXFileReference; lastKnownFileType = sourcecode.swift; path = LiveEditorState.swift; sourceTree = "<group>"; };
		1C81C155B73FCB8100369381 /* LiveEditorView.swift */ = {isa = PBXFileReference; lastKnownFileType = sourcecode.swift; path = LiveEditorView.swift; sourceTree = "<group>"; };
		2651EC74396E0FACCA911AB4 /* LiveEditorToolbar.swift */ = {isa = PBXFileReference; lastKnownFileType = sourcecode.swift; path = LiveEditorToolbar.swift; sourceTree = "<group>"; };
		27D151F13ED26CE04A4FFD0D /* SidebarView.swift */ = {isa = PBXFileReference; lastKnownFileType = sourcecode.swift; path = SidebarView.swift; sourceTree = "<group>"; };
		29DB81F66C8839ABBA99D356 /* ThemePicker.swift */ = {isa = PBXFileReference; lastKnownFileType = sourcecode.swift; path = ThemePicker.swift; sourceTree = "<group>"; };
		423C2F772C38F2816DB6224C /* MermaidPlayground-iOS.app */ = {isa = PBXFileReference; includeInIndex = 0; lastKnownFileType = wrapper.application; path = "MermaidPlayground-iOS.app"; sourceTree = BUILT_PRODUCTS_DIR; };
		462E1AE0BF1B3DD4383819AA /* SampleDiagramPanel.swift */ = {isa = PBXFileReference; lastKnownFileType = sourcecode.swift; path = SampleDiagramPanel.swift; sourceTree = "<group>"; };
		48973068802341F986D8B192 /* LiveRenderStatus.swift */ = {isa = PBXFileReference; lastKnownFileType = sourcecode.swift; path = LiveRenderStatus.swift; sourceTree = "<group>"; };
		48A2E34CE587126EACC5DA55 /* MermaidViewRepresentable.swift */ = {isa = PBXFileReference; lastKnownFileType = sourcecode.swift; path = MermaidViewRepresentable.swift; sourceTree = "<group>"; };
		4A99B5D38CC8B4A6C2324F85 /* LiveHistoryEntry.swift */ = {isa = PBXFileReference; lastKnownFileType = sourcecode.swift; path = LiveHistoryEntry.swift; sourceTree = "<group>"; };
		4EF834B77C053FD046212083 /* EditorDiagnostic.swift */ = {isa = PBXFileReference; lastKnownFileType = sourcecode.swift; path = EditorDiagnostic.swift; sourceTree = "<group>"; };
		5127A87EBFA7E91F0DB24C6B /* MermaidSyntaxHighlighter.swift */ = {isa = PBXFileReference; lastKnownFileType = sourcecode.swift; path = MermaidSyntaxHighlighter.swift; sourceTree = "<group>"; };
		6F2A0E1FEAE9B4CBC1ADDBA1 /* LineNumberRuler.swift */ = {isa = PBXFileReference; lastKnownFileType = sourcecode.swift; path = LineNumberRuler.swift; sourceTree = "<group>"; };
		7427FADA162FC9801E652262 /* ActionsView.swift */ = {isa = PBXFileReference; lastKnownFileType = sourcecode.swift; path = ActionsView.swift; sourceTree = "<group>"; };
		76A2C379F7CAA8C7116C485E /* PreviewToolbar.swift */ = {isa = PBXFileReference; lastKnownFileType = sourcecode.swift; path = PreviewToolbar.swift; sourceTree = "<group>"; };
		81D5E6069687240FDF8CAC0D /* ConfigSanitizer.swift */ = {isa = PBXFileReference; lastKnownFileType = sourcecode.swift; path = ConfigSanitizer.swift; sourceTree = "<group>"; };
		96E05BF2CA1815C2315E11E4 /* GistLoader.swift */ = {isa = PBXFileReference; lastKnownFileType = sourcecode.swift; path = GistLoader.swift; sourceTree = "<group>"; };
		B4A9235C5800009912D8A4CF /* SampleDiagrams.swift */ = {isa = PBXFileReference; lastKnownFileType = sourcecode.swift; path = SampleDiagrams.swift; sourceTree = "<group>"; };
		C2456BFE41A56F6C737B670F /* MermaidPlayground.app */ = {isa = PBXFileReference; explicitFileType = wrapper.application; includeInIndex = 0; path = MermaidPlayground.app; sourceTree = BUILT_PRODUCTS_DIR; };
		C25BEF314A99BA66628DAAA6 /* ActionsPanel.swift */ = {isa = PBXFileReference; lastKnownFileType = sourcecode.swift; path = ActionsPanel.swift; sourceTree = "<group>"; };
		C4ADD0DEB35A7AF539E60386 /* LiveEditorStateCodec.swift */ = {isa = PBXFileReference; lastKnownFileType = sourcecode.swift; path = LiveEditorStateCodec.swift; sourceTree = "<group>"; };
		C5896D986DA9334C65238B90 /* LiveEditorStore.swift */ = {isa = PBXFileReference; lastKnownFileType = sourcecode.swift; path = LiveEditorStore.swift; sourceTree = "<group>"; };
		CA1F88ACED3766AC52878F37 /* LoaderResult.swift */ = {isa = PBXFileReference; lastKnownFileType = sourcecode.swift; path = LoaderResult.swift; sourceTree = "<group>"; };
		D121E055309404756C30543B /* LiveHistoryStore.swift */ = {isa = PBXFileReference; lastKnownFileType = sourcecode.swift; path = LiveHistoryStore.swift; sourceTree = "<group>"; };
		E25AEBF3AE3E4051C8D05196 /* VersionSecurityPanel.swift */ = {isa = PBXFileReference; lastKnownFileType = sourcecode.swift; path = VersionSecurityPanel.swift; sourceTree = "<group>"; };
		E62FC3C27B7C3D1B4AC1BEBA /* MermaidPlaygroundApp.swift */ = {isa = PBXFileReference; lastKnownFileType = sourcecode.swift; path = MermaidPlaygroundApp.swift; sourceTree = "<group>"; };
		EA0A4E8CCF70B9A6A1C43714 /* mermaid-swift */ = {isa = PBXFileReference; lastKnownFileType = folder; name = "mermaid-swift"; path = ../..; sourceTree = SOURCE_ROOT; };
		EF20E098814280D7EE73C274 /* EditorPane.swift */ = {isa = PBXFileReference; lastKnownFileType = sourcecode.swift; path = EditorPane.swift; sourceTree = "<group>"; };
		F0E9710EDFB6F3AE15BC8690 /* BMColor+IsLight.swift */ = {isa = PBXFileReference; lastKnownFileType = sourcecode.swift; path = "BMColor+IsLight.swift"; sourceTree = "<group>"; };
		FEFFE51C7703ED7BC85C6BFD /* NativeCodeEditor.swift */ = {isa = PBXFileReference; lastKnownFileType = sourcecode.swift; path = NativeCodeEditor.swift; sourceTree = "<group>"; };
/* End PBXFileReference section */

/* Begin PBXFrameworksBuildPhase section */
		9C53119F1AFB010E85706E9F /* Frameworks */ = {
			isa = PBXFrameworksBuildPhase;
			buildActionMask = 2147483647;
			files = (
				462C8589797F0F7D37781D91 /* DiagramKit in Frameworks */,
				82E59D00023CA629386FEEA0 /* IssueReporting in Frameworks */,
			);
			runOnlyForDeploymentPostprocessing = 0;
		};
		ECEE6C8D8D34CB79B262924D /* Frameworks */ = {
			isa = PBXFrameworksBuildPhase;
			buildActionMask = 2147483647;
			files = (
				DAB5264B4678E2CB2D99AEC6 /* DiagramKit in Frameworks */,
				78A8594CC46A31C58BE629F3 /* IssueReporting in Frameworks */,
			);
			runOnlyForDeploymentPostprocessing = 0;
		};
/* End PBXFrameworksBuildPhase section */

/* Begin PBXGroup section */
		023AEE4277F625C62FD333C0 /* Packages */ = {
			isa = PBXGroup;
			children = (
				EA0A4E8CCF70B9A6A1C43714 /* mermaid-swift */,
			);
			name = Packages;
			sourceTree = "<group>";
		};
		384F82ADA653E594AB0DDBAB /* History */ = {
			isa = PBXGroup;
			children = (
				141B4C5ACF67CE426D6040C2 /* HistoryView.swift */,
			);
			path = History;
			sourceTree = "<group>";
		};
		6293E83F800067D13CECD5EC /* History */ = {
			isa = PBXGroup;
			children = (
				4A99B5D38CC8B4A6C2324F85 /* LiveHistoryEntry.swift */,
				D121E055309404756C30543B /* LiveHistoryStore.swift */,
			);
			path = History;
			sourceTree = "<group>";
		};
		636AE0262B5DC9588C25EB02 /* Views */ = {
			isa = PBXGroup;
			children = (
				7427FADA162FC9801E652262 /* ActionsView.swift */,
				F0E9710EDFB6F3AE15BC8690 /* BMColor+IsLight.swift */,
				EF20E098814280D7EE73C274 /* EditorPane.swift */,
				1C81C155B73FCB8100369381 /* LiveEditorView.swift */,
				48A2E34CE587126EACC5DA55 /* MermaidViewRepresentable.swift */,
				145E05EEC32CA4181A70AB38 /* PreviewCanvas.swift */,
				76A2C379F7CAA8C7116C485E /* PreviewToolbar.swift */,
				0972BBA84544A7A67B2AB8AD /* ShareView.swift */,
				27D151F13ED26CE04A4FFD0D /* SidebarView.swift */,
				29DB81F66C8839ABBA99D356 /* ThemePicker.swift */,
				E8EF34930BAFFAD6CF6BD170 /* Editor */,
				384F82ADA653E594AB0DDBAB /* History */,
				E9A37680D0B71243AA149FA5 /* Toolbar */,
			);
			path = Views;
			sourceTree = "<group>";
		};
		A79991C58968D64CE9DB4499 /* Loaders */ = {
			isa = PBXGroup;
			children = (
				96E05BF2CA1815C2315E11E4 /* GistLoader.swift */,
				CA1F88ACED3766AC52878F37 /* LoaderResult.swift */,
				10B91524FDDD5B1E83720FD2 /* RawFileLoader.swift */,
			);
			path = Loaders;
			sourceTree = "<group>";
		};
		E2DE6CDCAB760430FD98CEF5 /* Products */ = {
			isa = PBXGroup;
			children = (
				423C2F772C38F2816DB6224C /* MermaidPlayground-iOS.app */,
				C2456BFE41A56F6C737B670F /* MermaidPlayground.app */,
			);
			name = Products;
			sourceTree = "<group>";
		};
		E5B577166435A500660EEB63 = {
			isa = PBXGroup;
			children = (
				E62FC3C27B7C3D1B4AC1BEBA /* MermaidPlaygroundApp.swift */,
				E74977F60D06B6779C58E098 /* Models */,
				023AEE4277F625C62FD333C0 /* Packages */,
				636AE0262B5DC9588C25EB02 /* Views */,
				E2DE6CDCAB760430FD98CEF5 /* Products */,
			);
			sourceTree = "<group>";
		};
		E74977F60D06B6779C58E098 /* Models */ = {
			isa = PBXGroup;
			children = (
				81D5E6069687240FDF8CAC0D /* ConfigSanitizer.swift */,
				4EF834B77C053FD046212083 /* EditorDiagnostic.swift */,
				096491CDD543D42C20D91E7E /* ExportOptions.swift */,
				0D3C64C51B0FA7A004195034 /* LiveEditorConfig.swift */,
				165262EF2705DDC03C447893 /* LiveEditorState.swift */,
				C4ADD0DEB35A7AF539E60386 /* LiveEditorStateCodec.swift */,
				C5896D986DA9334C65238B90 /* LiveEditorStore.swift */,
				48973068802341F986D8B192 /* LiveRenderStatus.swift */,
				5127A87EBFA7E91F0DB24C6B /* MermaidSyntaxHighlighter.swift */,
				B4A9235C5800009912D8A4CF /* SampleDiagrams.swift */,
				6293E83F800067D13CECD5EC /* History */,
				A79991C58968D64CE9DB4499 /* Loaders */,
			);
			path = Models;
			sourceTree = "<group>";
		};
		E8EF34930BAFFAD6CF6BD170 /* Editor */ = {
			isa = PBXGroup;
			children = (
				08975B71E343495EC1D8BF37 /* EditorModePicker.swift */,
				6F2A0E1FEAE9B4CBC1ADDBA1 /* LineNumberRuler.swift */,
				FEFFE51C7703ED7BC85C6BFD /* NativeCodeEditor.swift */,
			);
			path = Editor;
			sourceTree = "<group>";
		};
		E9A37680D0B71243AA149FA5 /* Toolbar */ = {
			isa = PBXGroup;
			children = (
				C25BEF314A99BA66628DAAA6 /* ActionsPanel.swift */,
				2651EC74396E0FACCA911AB4 /* LiveEditorToolbar.swift */,
				462E1AE0BF1B3DD4383819AA /* SampleDiagramPanel.swift */,
				E25AEBF3AE3E4051C8D05196 /* VersionSecurityPanel.swift */,
			);
			path = Toolbar;
			sourceTree = "<group>";
		};
/* End PBXGroup section */

/* Begin PBXNativeTarget section */
		832B033A802144C594E28B32 /* MermaidPlayground-iOS */ = {
			isa = PBXNativeTarget;
			buildConfigurationList = E12BD1B8C8DFA0EB95339352 /* Build configuration list for PBXNativeTarget "MermaidPlayground-iOS" */;
			buildPhases = (
				9E10DBD18A9C96E63D68DDCC /* Sources */,
				9C53119F1AFB010E85706E9F /* Frameworks */,
			);
			buildRules = (
			);
			dependencies = (
			);
			name = "MermaidPlayground-iOS";
			packageProductDependencies = (
				15DF29D854A90CAFFC24252E /* DiagramKit */,
				EBF15EBD000B78EFAD9D6203 /* IssueReporting */,
			);
			productName = "MermaidPlayground-iOS";
			productReference = 423C2F772C38F2816DB6224C /* MermaidPlayground-iOS.app */;
			productType = "com.apple.product-type.application";
		};
		900D446F9DA8846079B2421F /* MermaidPlayground */ = {
			isa = PBXNativeTarget;
			buildConfigurationList = EE282DD9C8E80C30BAA05731 /* Build configuration list for PBXNativeTarget "MermaidPlayground" */;
			buildPhases = (
				39FF571142F7C9DC53FC5EF7 /* Sources */,
				ECEE6C8D8D34CB79B262924D /* Frameworks */,
			);
			buildRules = (
			);
			dependencies = (
			);
			name = MermaidPlayground;
			packageProductDependencies = (
				0420619350770193B907578E /* DiagramKit */,
				1992934B12DCAEAC7CBCE174 /* IssueReporting */,
			);
			productName = MermaidPlayground;
			productReference = C2456BFE41A56F6C737B670F /* MermaidPlayground.app */;
			productType = "com.apple.product-type.application";
		};
/* End PBXNativeTarget section */

/* Begin PBXProject section */
		EE6F49F1211BE34BB8D1088E /* Project object */ = {
			isa = PBXProject;
			attributes = {
				BuildIndependentTargetsInParallel = YES;
				LastUpgradeCheck = 1430;
			};
			buildConfigurationList = CC4049C83506D7B235CD96AA /* Build configuration list for PBXProject "MermaidPlayground" */;
			compatibilityVersion = "Xcode 14.0";
			developmentRegion = en;
			hasScannedForEncodings = 0;
			knownRegions = (
				Base,
				en,
			);
			mainGroup = E5B577166435A500660EEB63;
			minimizedProjectReferenceProxies = 1;
			packageReferences = (
				54BD0ADCC1AFF820D3ADFDB9 /* XCRemoteSwiftPackageReference "xctest-dynamic-overlay" */,
				0497DCEF0A73B25165B02442 /* XCLocalSwiftPackageReference "../.." */,
			);
			preferredProjectObjectVersion = 77;
			projectDirPath = "";
			projectRoot = "";
			targets = (
				900D446F9DA8846079B2421F /* MermaidPlayground */,
				832B033A802144C594E28B32 /* MermaidPlayground-iOS */,
			);
		};
/* End PBXProject section */

/* Begin PBXSourcesBuildPhase section */
		39FF571142F7C9DC53FC5EF7 /* Sources */ = {
			isa = PBXSourcesBuildPhase;
			buildActionMask = 2147483647;
			files = (
				DCB52EBF5DB43927E026506C /* ActionsPanel.swift in Sources */,
				FB790B2D813B21C761DA8D38 /* ActionsView.swift in Sources */,
				8B625594340F512247BF7AAE /* BMColor+IsLight.swift in Sources */,
				61B3DA01168E8DD57C55A36F /* ConfigSanitizer.swift in Sources */,
				624FDADFEC60581AD606E54F /* EditorDiagnostic.swift in Sources */,
				19EF9E543CD0DBC256055F50 /* EditorModePicker.swift in Sources */,
				2680D9343E4BFB5E16AF0357 /* EditorPane.swift in Sources */,
				068C981DEA7DC587653A66EE /* ExportOptions.swift in Sources */,
				E325AA6ECA3E116BF55D3F42 /* GistLoader.swift in Sources */,
				66EADBD310535244D5CC56FE /* HistoryView.swift in Sources */,
				67493518B5FA33542402772B /* LineNumberRuler.swift in Sources */,
				B3A500D0B98F6A1F88FA7C9C /* LiveEditorConfig.swift in Sources */,
				B5AE4BF373A630B4712F7B40 /* LiveEditorState.swift in Sources */,
				FDD876689CD760D4A6AC2D25 /* LiveEditorStateCodec.swift in Sources */,
				E331D3123100C7065EF12445 /* LiveEditorStore.swift in Sources */,
				B63A2C7599B03968128FC969 /* LiveEditorToolbar.swift in Sources */,
				3015394A4443300B11CFC0DB /* LiveEditorView.swift in Sources */,
				BF842A970E43597B17988722 /* LiveHistoryEntry.swift in Sources */,
				0BB9E12B29552822C54A37C8 /* LiveHistoryStore.swift in Sources */,
				F74D6BAC0E4C2430992FF7EA /* LiveRenderStatus.swift in Sources */,
				2588CF9336ACA3F0965A6D68 /* LoaderResult.swift in Sources */,
				62F10BEFF3FAC713B9A631B5 /* MermaidPlaygroundApp.swift in Sources */,
				9578E973C49FEC5A19B1C683 /* MermaidSyntaxHighlighter.swift in Sources */,
				76663FE6C6ADA75ADC0F52D3 /* MermaidViewRepresentable.swift in Sources */,
				F251F8E3A4DBF445AED46947 /* NativeCodeEditor.swift in Sources */,
				48C2EE8AEB9DB37F9240AAD6 /* PreviewCanvas.swift in Sources */,
				B1274F4ACF6972A75BDF8C5D /* PreviewToolbar.swift in Sources */,
				EBBA69D3F7FEC7E0F313B015 /* RawFileLoader.swift in Sources */,
				3497B6978C7F41692D073B72 /* SampleDiagramPanel.swift in Sources */,
				0177A96B352583C1448A3601 /* SampleDiagrams.swift in Sources */,
				9CFBA32D378AF534C443C29F /* ShareView.swift in Sources */,
				BF131979D0CDF1A1CA5E7F01 /* SidebarView.swift in Sources */,
				B591EFF621711B8071FDF6B5 /* ThemePicker.swift in Sources */,
				2E13E235E058A9F10D0867C6 /* VersionSecurityPanel.swift in Sources */,
			);
			runOnlyForDeploymentPostprocessing = 0;
		};
		9E10DBD18A9C96E63D68DDCC /* Sources */ = {
			isa = PBXSourcesBuildPhase;
			buildActionMask = 2147483647;
			files = (
				FBD37B09EF3A0A3E27AE7EC6 /* ActionsPanel.swift in Sources */,
				ADD01FB443D6A9A904597B58 /* ActionsView.swift in Sources */,
				E55A574B406FC52B50BFADC3 /* BMColor+IsLight.swift in Sources */,
				7EFFFA6EBF161A53489F6B86 /* ConfigSanitizer.swift in Sources */,
				563C22E407A780CDC1F364F2 /* EditorDiagnostic.swift in Sources */,
				DB03670B15C2F5793EB63A44 /* EditorModePicker.swift in Sources */,
				34C5AD21B0C04A9800FE9210 /* EditorPane.swift in Sources */,
				BEBD136CF6140C11D445C144 /* ExportOptions.swift in Sources */,
				D93AFE3489F81BF1199B5F66 /* GistLoader.swift in Sources */,
				235805AB6BA9CB37A2E605A2 /* HistoryView.swift in Sources */,
				B70D9F111FFA81DF459A1B8F /* LineNumberRuler.swift in Sources */,
				0BED2B15AC12F46326CC5318 /* LiveEditorConfig.swift in Sources */,
				1CBE0E356E6D758D5F337F2F /* LiveEditorState.swift in Sources */,
				70A9CC629C1233E2DFA3B9F1 /* LiveEditorStateCodec.swift in Sources */,
				CFFF5AC794F4BFEA98D3AD71 /* LiveEditorStore.swift in Sources */,
				27C5F4A2BB2DA939409E06E9 /* LiveEditorToolbar.swift in Sources */,
				EB1A94B8862DDEA2824CB0C9 /* LiveEditorView.swift in Sources */,
				B2B458CF99E2DC1E05C86B41 /* LiveHistoryEntry.swift in Sources */,
				76CA5C530D4F366CBA7C1315 /* LiveHistoryStore.swift in Sources */,
				E304AAD5AEE7D5BFED22C389 /* LiveRenderStatus.swift in Sources */,
				4D93805FC5E586FB19B9C61B /* LoaderResult.swift in Sources */,
				0438B8E4B65B17AF85C6E148 /* MermaidPlaygroundApp.swift in Sources */,
				9F61E30492D2B7A17C171BED /* MermaidSyntaxHighlighter.swift in Sources */,
				092C6EE2BD8192DA7017DF74 /* MermaidViewRepresentable.swift in Sources */,
				CC8D98B10FF78E3DD6DB18FF /* NativeCodeEditor.swift in Sources */,
				429D02565AF884E5371144C7 /* PreviewCanvas.swift in Sources */,
				0C5E4DB437F1410044C7DE71 /* PreviewToolbar.swift in Sources */,
				97DEDC2680ECB1724860CAE8 /* RawFileLoader.swift in Sources */,
				BC0E854E3753D9067055B45C /* SampleDiagramPanel.swift in Sources */,
				EE57AA7ADC5D01F6FF2AAE6A /* SampleDiagrams.swift in Sources */,
				323745E1CF50CCB624AE60E5 /* ShareView.swift in Sources */,
				9EE69142B2DD33ECFA4C3CC6 /* SidebarView.swift in Sources */,
				D83A7632BB899BF39BFD2383 /* ThemePicker.swift in Sources */,
				1222A89F5306C12CBBB10FFF /* VersionSecurityPanel.swift in Sources */,
			);
			runOnlyForDeploymentPostprocessing = 0;
		};
/* End PBXSourcesBuildPhase section */

/* Begin XCBuildConfiguration section */
		1A5BDD494DD7BD71A544F43B /* Release */ = {
			isa = XCBuildConfiguration;
			buildSettings = {
				ALWAYS_SEARCH_USER_PATHS = NO;
				ASSETCATALOG_COMPILER_APPICON_NAME = AppIcon;
				ASSETCATALOG_COMPILER_GLOBAL_ACCENT_COLOR_NAME = AccentColor;
				CLANG_ANALYZER_NONNULL = YES;
				CLANG_ANALYZER_NUMBER_OBJECT_CONVERSION = YES_AGGRESSIVE;
				CLANG_CXX_LANGUAGE_STANDARD = "gnu++14";
				CLANG_CXX_LIBRARY = "libc++";
				CLANG_ENABLE_MODULES = YES;
				CLANG_ENABLE_OBJC_ARC = YES;
				CLANG_ENABLE_OBJC_WEAK = YES;
				CLANG_WARN_BLOCK_CAPTURE_AUTORELEASING = YES;
				CLANG_WARN_BOOL_CONVERSION = YES;
				CLANG_WARN_COMMA = YES;
				CLANG_WARN_CONSTANT_CONVERSION = YES;
				CLANG_WARN_DEPRECATED_OBJC_IMPLEMENTATIONS = YES;
				CLANG_WARN_DIRECT_OBJC_ISA_USAGE = YES_ERROR;
				CLANG_WARN_DOCUMENTATION_COMMENTS = YES;
				CLANG_WARN_EMPTY_BODY = YES;
				CLANG_WARN_ENUM_CONVERSION = YES;
				CLANG_WARN_INFINITE_RECURSION = YES;
				CLANG_WARN_INT_CONVERSION = YES;
				CLANG_WARN_NON_LITERAL_NULL_CONVERSION = YES;
				CLANG_WARN_OBJC_IMPLICIT_RETAIN_SELF = YES;
				CLANG_WARN_OBJC_LITERAL_CONVERSION = YES;
				CLANG_WARN_OBJC_ROOT_CLASS = YES_ERROR;
				CLANG_WARN_QUOTED_INCLUDE_IN_FRAMEWORK_HEADER = YES;
				CLANG_WARN_RANGE_LOOP_ANALYSIS = YES;
				CLANG_WARN_STRICT_PROTOTYPES = YES;
				CLANG_WARN_SUSPICIOUS_MOVE = YES;
				CLANG_WARN_UNGUARDED_AVAILABILITY = YES_AGGRESSIVE;
				CLANG_WARN_UNREACHABLE_CODE = YES;
				CLANG_WARN__DUPLICATE_METHOD_MATCH = YES;
				COPY_PHASE_STRIP = NO;
				CURRENT_PROJECT_VERSION = 1;
				DEBUG_INFORMATION_FORMAT = "dwarf-with-dsym";
				ENABLE_NS_ASSERTIONS = NO;
				ENABLE_STRICT_OBJC_MSGSEND = YES;
				GCC_C_LANGUAGE_STANDARD = gnu11;
				GCC_NO_COMMON_BLOCKS = YES;
				GCC_WARN_64_TO_32_BIT_CONVERSION = YES;
				GCC_WARN_ABOUT_RETURN_TYPE = YES_ERROR;
				GCC_WARN_UNDECLARED_SELECTOR = YES;
				GCC_WARN_UNINITIALIZED_AUTOS = YES_AGGRESSIVE;
				GCC_WARN_UNUSED_FUNCTION = YES;
				GCC_WARN_UNUSED_VARIABLE = YES;
				GENERATE_INFOPLIST_FILE = YES;
				IPHONEOS_DEPLOYMENT_TARGET = 26.0;
				MACOSX_DEPLOYMENT_TARGET = 26.0;
				MARKETING_VERSION = 1.0;
				MTL_ENABLE_DEBUG_INFO = NO;
				MTL_FAST_MATH = YES;
				PRODUCT_NAME = "$(TARGET_NAME)";
				SWIFT_COMPILATION_MODE = wholemodule;
				SWIFT_OPTIMIZATION_LEVEL = "-O";
				SWIFT_VERSION = 6.0;
			};
			name = Release;
		};
		4322CD5C4B96C430C2F99914 /* Release */ = {
			isa = XCBuildConfiguration;
			buildSettings = {
				ASSETCATALOG_COMPILER_APPICON_NAME = AppIcon;
				CODE_SIGN_IDENTITY = "iPhone Developer";
				IPHONEOS_DEPLOYMENT_TARGET = 26.0;
				LD_RUNPATH_SEARCH_PATHS = (
					"$(inherited)",
					"@executable_path/Frameworks",
				);
				PRODUCT_BUNDLE_IDENTIFIER = com.lukilabs.MermaidPlayground.iOS;
				PRODUCT_NAME = MermaidPlayground;
				SDKROOT = iphoneos;
				SUPPORTS_MACCATALYST = YES;
				SUPPORTS_MAC_DESIGNED_FOR_IPHONE_IPAD = NO;
				TARGETED_DEVICE_FAMILY = "1,2";
			};
			name = Release;
		};
		AA0F6897CAB980DC3D21D788 /* Debug */ = {
			isa = XCBuildConfiguration;
			buildSettings = {
				ASSETCATALOG_COMPILER_APPICON_NAME = AppIcon;
				CODE_SIGN_IDENTITY = "iPhone Developer";
				IPHONEOS_DEPLOYMENT_TARGET = 26.0;
				LD_RUNPATH_SEARCH_PATHS = (
					"$(inherited)",
					"@executable_path/Frameworks",
				);
				PRODUCT_BUNDLE_IDENTIFIER = com.lukilabs.MermaidPlayground.iOS;
				PRODUCT_NAME = MermaidPlayground;
				SDKROOT = iphoneos;
				SUPPORTS_MACCATALYST = YES;
				SUPPORTS_MAC_DESIGNED_FOR_IPHONE_IPAD = NO;
				TARGETED_DEVICE_FAMILY = "1,2";
			};
			name = Debug;
		};
		B251CFE8EDB96141B8F86E2F /* Debug */ = {
			isa = XCBuildConfiguration;
			buildSettings = {
				ASSETCATALOG_COMPILER_APPICON_NAME = AppIcon;
				COMBINE_HIDPI_IMAGES = YES;
				ENABLE_APP_SANDBOX = NO;
				LD_RUNPATH_SEARCH_PATHS = (
					"$(inherited)",
					"@executable_path/../Frameworks",
				);
				MACOSX_DEPLOYMENT_TARGET = 26.0;
				PRODUCT_BUNDLE_IDENTIFIER = com.lukilabs.MermaidPlayground;
				PRODUCT_NAME = MermaidPlayground;
				SDKROOT = macosx;
			};
			name = Debug;
		};
		BE0F8D4FDEF1791AE7A74969 /* Release */ = {
			isa = XCBuildConfiguration;
			buildSettings = {
				ASSETCATALOG_COMPILER_APPICON_NAME = AppIcon;
				COMBINE_HIDPI_IMAGES = YES;
				ENABLE_APP_SANDBOX = NO;
				LD_RUNPATH_SEARCH_PATHS = (
					"$(inherited)",
					"@executable_path/../Frameworks",
				);
				MACOSX_DEPLOYMENT_TARGET = 26.0;
				PRODUCT_BUNDLE_IDENTIFIER = com.lukilabs.MermaidPlayground;
				PRODUCT_NAME = MermaidPlayground;
				SDKROOT = macosx;
			};
			name = Release;
		};
		C310CFDDDB97284ED7EB69E5 /* Debug */ = {
			isa = XCBuildConfiguration;
			buildSettings = {
				ALWAYS_SEARCH_USER_PATHS = NO;
				ASSETCATALOG_COMPILER_APPICON_NAME = AppIcon;
				ASSETCATALOG_COMPILER_GLOBAL_ACCENT_COLOR_NAME = AccentColor;
				CLANG_ANALYZER_NONNULL = YES;
				CLANG_ANALYZER_NUMBER_OBJECT_CONVERSION = YES_AGGRESSIVE;
				CLANG_CXX_LANGUAGE_STANDARD = "gnu++14";
				CLANG_CXX_LIBRARY = "libc++";
				CLANG_ENABLE_MODULES = YES;
				CLANG_ENABLE_OBJC_ARC = YES;
				CLANG_ENABLE_OBJC_WEAK = YES;
				CLANG_WARN_BLOCK_CAPTURE_AUTORELEASING = YES;
				CLANG_WARN_BOOL_CONVERSION = YES;
				CLANG_WARN_COMMA = YES;
				CLANG_WARN_CONSTANT_CONVERSION = YES;
				CLANG_WARN_DEPRECATED_OBJC_IMPLEMENTATIONS = YES;
				CLANG_WARN_DIRECT_OBJC_ISA_USAGE = YES_ERROR;
				CLANG_WARN_DOCUMENTATION_COMMENTS = YES;
				CLANG_WARN_EMPTY_BODY = YES;
				CLANG_WARN_ENUM_CONVERSION = YES;
				CLANG_WARN_INFINITE_RECURSION = YES;
				CLANG_WARN_INT_CONVERSION = YES;
				CLANG_WARN_NON_LITERAL_NULL_CONVERSION = YES;
				CLANG_WARN_OBJC_IMPLICIT_RETAIN_SELF = YES;
				CLANG_WARN_OBJC_LITERAL_CONVERSION = YES;
				CLANG_WARN_OBJC_ROOT_CLASS = YES_ERROR;
				CLANG_WARN_QUOTED_INCLUDE_IN_FRAMEWORK_HEADER = YES;
				CLANG_WARN_RANGE_LOOP_ANALYSIS = YES;
				CLANG_WARN_STRICT_PROTOTYPES = YES;
				CLANG_WARN_SUSPICIOUS_MOVE = YES;
				CLANG_WARN_UNGUARDED_AVAILABILITY = YES_AGGRESSIVE;
				CLANG_WARN_UNREACHABLE_CODE = YES;
				CLANG_WARN__DUPLICATE_METHOD_MATCH = YES;
				COPY_PHASE_STRIP = NO;
				CURRENT_PROJECT_VERSION = 1;
				DEBUG_INFORMATION_FORMAT = dwarf;
				ENABLE_STRICT_OBJC_MSGSEND = YES;
				ENABLE_TESTABILITY = YES;
				GCC_C_LANGUAGE_STANDARD = gnu11;
				GCC_DYNAMIC_NO_PIC = NO;
				GCC_NO_COMMON_BLOCKS = YES;
				GCC_OPTIMIZATION_LEVEL = 0;
				GCC_PREPROCESSOR_DEFINITIONS = (
					"$(inherited)",
					"DEBUG=1",
				);
				GCC_WARN_64_TO_32_BIT_CONVERSION = YES;
				GCC_WARN_ABOUT_RETURN_TYPE = YES_ERROR;
				GCC_WARN_UNDECLARED_SELECTOR = YES;
				GCC_WARN_UNINITIALIZED_AUTOS = YES_AGGRESSIVE;
				GCC_WARN_UNUSED_FUNCTION = YES;
				GCC_WARN_UNUSED_VARIABLE = YES;
				GENERATE_INFOPLIST_FILE = YES;
				IPHONEOS_DEPLOYMENT_TARGET = 26.0;
				MACOSX_DEPLOYMENT_TARGET = 26.0;
				MARKETING_VERSION = 1.0;
				MTL_ENABLE_DEBUG_INFO = INCLUDE_SOURCE;
				MTL_FAST_MATH = YES;
				ONLY_ACTIVE_ARCH = YES;
				PRODUCT_NAME = "$(TARGET_NAME)";
				SWIFT_ACTIVE_COMPILATION_CONDITIONS = DEBUG;
				SWIFT_OPTIMIZATION_LEVEL = "-Onone";
				SWIFT_VERSION = 6.0;
			};
			name = Debug;
		};
/* End XCBuildConfiguration section */

/* Begin XCConfigurationList section */
		CC4049C83506D7B235CD96AA /* Build configuration list for PBXProject "MermaidPlayground" */ = {
			isa = XCConfigurationList;
			buildConfigurations = (
				C310CFDDDB97284ED7EB69E5 /* Debug */,
				1A5BDD494DD7BD71A544F43B /* Release */,
			);
			defaultConfigurationIsVisible = 0;
			defaultConfigurationName = Debug;
		};
		E12BD1B8C8DFA0EB95339352 /* Build configuration list for PBXNativeTarget "MermaidPlayground-iOS" */ = {
			isa = XCConfigurationList;
			buildConfigurations = (
				AA0F6897CAB980DC3D21D788 /* Debug */,
				4322CD5C4B96C430C2F99914 /* Release */,
			);
			defaultConfigurationIsVisible = 0;
			defaultConfigurationName = Debug;
		};
		EE282DD9C8E80C30BAA05731 /* Build configuration list for PBXNativeTarget "MermaidPlayground" */ = {
			isa = XCConfigurationList;
			buildConfigurations = (
				B251CFE8EDB96141B8F86E2F /* Debug */,
				BE0F8D4FDEF1791AE7A74969 /* Release */,
			);
			defaultConfigurationIsVisible = 0;
			defaultConfigurationName = Debug;
		};
/* End XCConfigurationList section */

/* Begin XCLocalSwiftPackageReference section */
		0497DCEF0A73B25165B02442 /* XCLocalSwiftPackageReference "../.." */ = {
			isa = XCLocalSwiftPackageReference;
			relativePath = ../..;
		};
/* End XCLocalSwiftPackageReference section */

/* Begin XCRemoteSwiftPackageReference section */
		54BD0ADCC1AFF820D3ADFDB9 /* XCRemoteSwiftPackageReference "xctest-dynamic-overlay" */ = {
			isa = XCRemoteSwiftPackageReference;
			repositoryURL = "https://github.com/pointfreeco/xctest-dynamic-overlay";
			requirement = {
				kind = upToNextMajorVersion;
				minimumVersion = 1.0.0;
			};
		};
/* End XCRemoteSwiftPackageReference section */

/* Begin XCSwiftPackageProductDependency section */
		0420619350770193B907578E /* DiagramKit */ = {
			isa = XCSwiftPackageProductDependency;
			productName = DiagramKit;
		};
		15DF29D854A90CAFFC24252E /* DiagramKit */ = {
			isa = XCSwiftPackageProductDependency;
			productName = DiagramKit;
		};
		1992934B12DCAEAC7CBCE174 /* IssueReporting */ = {
			isa = XCSwiftPackageProductDependency;
			package = 54BD0ADCC1AFF820D3ADFDB9 /* XCRemoteSwiftPackageReference "xctest-dynamic-overlay" */;
			productName = IssueReporting;
		};
		EBF15EBD000B78EFAD9D6203 /* IssueReporting */ = {
			isa = XCSwiftPackageProductDependency;
			package = 54BD0ADCC1AFF820D3ADFDB9 /* XCRemoteSwiftPackageReference "xctest-dynamic-overlay" */;
			productName = IssueReporting;
		};
/* End XCSwiftPackageProductDependency section */
	};
	rootObject = EE6F49F1211BE34BB8D1088E /* Project object */;
}
